
Microsoft Visual Studio Solution File, Format Version 12.00
# Visual Studio Version 17
VisualStudioVersion = 17.5.002.0
MinimumVisualStudioVersion = 10.0.40219.1
Project("{9A19103F-16F7-4668-BE54-9A1E7A4F7556}") = "Todo.Api", "Todo.Api\Todo.Api.csproj", "{4D879F17-C835-4A7A-89B1-B5EFA051C545}"
EndProject
Global
	GlobalSection(SolutionConfigurationPlatforms) = preSolution
		Debug|Any CPU = Debug|Any CPU
		Release|Any CPU = Release|Any CPU
	EndGlobalSection
	GlobalSection(ProjectConfigurationPlatforms) = postSolution
		{4D879F17-C835-4A7A-89B1-B5EFA051C545}.Debug|Any CPU.ActiveCfg = Debug|Any CPU
		{4D879F17-C835-4A7A-89B1-B5EFA051C545}.Debug|Any CPU.Build.0 = Debug|Any CPU
		{4D879F17-C835-4A7A-89B1-B5EFA051C545}.Release|Any CPU.ActiveCfg = Release|Any CPU
		{4D879F17-C835-4A7A-89B1-B5EFA051C545}.Release|Any CPU.Build.0 = Release|Any CPU
	EndGlobalSection
	GlobalSection(SolutionProperties) = preSolution
		HideSolutionNode = FALSE
	EndGlobalSection
	GlobalSection(ExtensibilityGlobals) = postSolution
		SolutionGuid = {3B0DBF17-8084-42CF-9DF4-16CD14A2B124}
	EndGlobalSection
EndGlobal
